
Microsoft Visual Studio Solution File, Format Version 12.00
# Visual Studio Version 17
VisualStudioVersion = 17.8.34205.153
MinimumVisualStudioVersion = 15.0.26124.0
Project("{FAE04EC0-301F-11D3-BF4B-00C04F79EFBC}") = "Allegiance.Blazor.NoUiSlider.Core", "Allegiance.Blazor.NoUiSlider.Core\Allegiance.Blazor.NoUiSlider.Core.csproj", "{8717F019-3764-4B0C-9449-1E6701F67D19}"
EndProject
Project("{FAE04EC0-301F-11D3-BF4B-00C04F79EFBC}") = "Allegiance.Blazor.NoUiSlider.Client", "Allegiance.Blazor.NoUiSlider.Client\Allegiance.Blazor.NoUiSlider.Client.csproj", "{399FAACB-213A-49E8-8CBD-E9BB56DDB11A}"
EndProject
Global
	GlobalSection(SolutionConfigurationPlatforms) = preSolution
		Debug|Any CPU = Debug|Any CPU
		Debug|x64 = Debug|x64
		Debug|x86 = Debug|x86
		Release|Any CPU = Release|Any CPU
		Release|x64 = Release|x64
		Release|x86 = Release|x86
	EndGlobalSection
	GlobalSection(ProjectConfigurationPlatforms) = postSolution
		{8717F019-3764-4B0C-9449-1E6701F67D19}.Debug|Any CPU.ActiveCfg = Debug|Any CPU
		{8717F019-3764-4B0C-9449-1E6701F67D19}.Debug|Any CPU.Build.0 = Debug|Any CPU
		{8717F019-3764-4B0C-9449-1E6701F67D19}.Debug|x64.ActiveCfg = Debug|Any CPU
		{8717F019-3764-4B0C-9449-1E6701F67D19}.Debug|x64.Build.0 = Debug|Any CPU
		{8717F019-3764-4B0C-9449-1E6701F67D19}.Debug|x86.ActiveCfg = Debug|Any CPU
		{8717F019-3764-4B0C-9449-1E6701F67D19}.Debug|x86.Build.0 = Debug|Any CPU
		{8717F019-3764-4B0C-9449-1E6701F67D19}.Release|Any CPU.ActiveCfg = Release|Any CPU
		{8717F019-3764-4B0C-9449-1E6701F67D19}.Release|Any CPU.Build.0 = Release|Any CPU
		{8717F019-3764-4B0C-9449-1E6701F67D19}.Release|x64.ActiveCfg = Release|Any CPU
		{8717F019-3764-4B0C-9449-1E6701F67D19}.Release|x64.Build.0 = Release|Any CPU
		{8717F019-3764-4B0C-9449-1E6701F67D19}.Release|x86.ActiveCfg = Release|Any CPU
		{8717F019-3764-4B0C-9449-1E6701F67D19}.Release|x86.Build.0 = Release|Any CPU
		{399FAACB-213A-49E8-8CBD-E9BB56DDB11A}.Debug|Any CPU.ActiveCfg = Debug|Any CPU
		{399FAACB-213A-49E8-8CBD-E9BB56DDB11A}.Debug|Any CPU.Build.0 = Debug|Any CPU
		{399FAACB-213A-49E8-8CBD-E9BB56DDB11A}.Debug|x64.ActiveCfg = Debug|Any CPU
		{399FAACB-213A-49E8-8CBD-E9BB56DDB11A}.Debug|x64.Build.0 = Debug|Any CPU
		{399FAACB-213A-49E8-8CBD-E9BB56DDB11A}.Debug|x86.ActiveCfg = Debug|Any CPU
		{399FAACB-213A-49E8-8CBD-E9BB56DDB11A}.Debug|x86.Build.0 = Debug|Any CPU
		{399FAACB-213A-49E8-8CBD-E9BB56DDB11A}.Release|Any CPU.ActiveCfg = Release|Any CPU
		{399FAACB-213A-49E8-8CBD-E9BB56DDB11A}.Release|Any CPU.Build.0 = Release|Any CPU
		{399FAACB-213A-49E8-8CBD-E9BB56DDB11A}.Release|x64.ActiveCfg = Release|Any CPU
		{399FAACB-213A-49E8-8CBD-E9BB56DDB11A}.Release|x64.Build.0 = Release|Any CPU
		{399FAACB-213A-49E8-8CBD-E9BB56DDB11A}.Release|x86.ActiveCfg = Release|Any CPU
		{399FAACB-213A-49E8-8CBD-E9BB56DDB11A}.Release|x86.Build.0 = Release|Any CPU
	EndGlobalSection
	GlobalSection(SolutionProperties) = preSolution
		HideSolutionNode = FALSE
	EndGlobalSection
	GlobalSection(ExtensibilityGlobals) = postSolution
		SolutionGuid = {CF61FCEE-9158-4015-A217-A4974A697703}
	EndGlobalSection
EndGlobal
